// !$*UTF8*$!
{
	archiveVersion = 1;
	classes = {
	};
	objectVersion = 46;
	objects = {

/* Begin PBXBuildFile section */
		A410548A1DF764AC00972A7A /* NotificationCenter.framework in Frameworks */ = {isa = PBXBuildFile; fileRef = A4165F6F1DE63C9500EE242A /* NotificationCenter.framework */; };
		A41054941DF764AC00972A7A /* VK Widget.appex in Embed App Extensions */ = {isa = PBXBuildFile; fileRef = A41054891DF764AC00972A7A /* VK Widget.appex */; settings = {ATTRIBUTES = (RemoveHeadersOnCopy, ); }; };
		A41054981DF764BE00972A7A /* HeaderView.swift in Sources */ = {isa = PBXBuildFile; fileRef = A464C4741DE71EDD00C72EFE /* HeaderView.swift */; };
		A41054991DF764C100972A7A /* HeaderView.xib in Resources */ = {isa = PBXBuildFile; fileRef = A464C4721DE71E8100C72EFE /* HeaderView.xib */; };
		A410549A1DF764C400972A7A /* FriendCell.swift in Sources */ = {isa = PBXBuildFile; fileRef = A4165F7F1DE63E0300EE242A /* FriendCell.swift */; };
		A410549B1DF764C700972A7A /* FriendCell.xib in Resources */ = {isa = PBXBuildFile; fileRef = A464C46E1DE715F600C72EFE /* FriendCell.xib */; };
		A410549C1DF764C900972A7A /* FriendsViewController.swift in Sources */ = {isa = PBXBuildFile; fileRef = A4165F721DE63C9500EE242A /* FriendsViewController.swift */; };
		A410549D1DF764CB00972A7A /* FriendsPresenter.swift in Sources */ = {isa = PBXBuildFile; fileRef = A4165F821DE63FB400EE242A /* FriendsPresenter.swift */; };
		A410549E1DF764CE00972A7A /* MainInterface.storyboard in Resources */ = {isa = PBXBuildFile; fileRef = A4165F741DE63C9500EE242A /* MainInterface.storyboard */; };
		A41054A11DF7658100972A7A /* VKSdkFramework.framework in Frameworks */ = {isa = PBXBuildFile; fileRef = A4165F8B1DE64B5000EE242A /* VKSdkFramework.framework */; };
		A41054A21DF7659400972A7A /* Helpers.swift in Sources */ = {isa = PBXBuildFile; fileRef = A480B1961DE6EDF100ADA206 /* Helpers.swift */; };
		A41054A31DF765A600972A7A /* Storage.swift in Sources */ = {isa = PBXBuildFile; fileRef = A480B1911DE6EA7500ADA206 /* Storage.swift */; };
		A41054AA1DF7675A00972A7A /* UserNotifications.framework in Frameworks */ = {isa = PBXBuildFile; fileRef = A41054A91DF7675A00972A7A /* UserNotifications.framework */; };
		A41054AC1DF7675A00972A7A /* UserNotificationsUI.framework in Frameworks */ = {isa = PBXBuildFile; fileRef = A41054AB1DF7675A00972A7A /* UserNotificationsUI.framework */; };
		A41054AF1DF7675A00972A7A /* NotificationViewController.swift in Sources */ = {isa = PBXBuildFile; fileRef = A41054AE1DF7675A00972A7A /* NotificationViewController.swift */; };
		A41054B21DF7675A00972A7A /* MainInterface.storyboard in Resources */ = {isa = PBXBuildFile; fileRef = A41054B01DF7675A00972A7A /* MainInterface.storyboard */; };
		A41054B61DF7675A00972A7A /* VK Notification.appex in Embed App Extensions */ = {isa = PBXBuildFile; fileRef = A41054A81DF7675A00972A7A /* VK Notification.appex */; settings = {ATTRIBUTES = (RemoveHeadersOnCopy, ); }; };
		A4165F3C1DE63C4200EE242A /* AppDelegate.swift in Sources */ = {isa = PBXBuildFile; fileRef = A4165F3B1DE63C4200EE242A /* AppDelegate.swift */; };
		A4165F3E1DE63C4200EE242A /* FriendsController.swift in Sources */ = {isa = PBXBuildFile; fileRef = A4165F3D1DE63C4200EE242A /* FriendsController.swift */; };
		A4165F411DE63C4200EE242A /* Main.storyboard in Resources */ = {isa = PBXBuildFile; fileRef = A4165F3F1DE63C4200EE242A /* Main.storyboard */; };
		A4165F431DE63C4200EE242A /* Assets.xcassets in Resources */ = {isa = PBXBuildFile; fileRef = A4165F421DE63C4200EE242A /* Assets.xcassets */; };
		A4165F461DE63C4200EE242A /* LaunchScreen.storyboard in Resources */ = {isa = PBXBuildFile; fileRef = A4165F441DE63C4200EE242A /* LaunchScreen.storyboard */; };
		A4165F8C1DE64B5000EE242A /* VKSdkFramework.framework in Frameworks */ = {isa = PBXBuildFile; fileRef = A4165F8B1DE64B5000EE242A /* VKSdkFramework.framework */; };
		A4165F8D1DE64B5000EE242A /* VKSdkFramework.framework in Embed Frameworks */ = {isa = PBXBuildFile; fileRef = A4165F8B1DE64B5000EE242A /* VKSdkFramework.framework */; settings = {ATTRIBUTES = (CodeSignOnCopy, RemoveHeadersOnCopy, ); }; };
		A4165F901DE64B6000EE242A /* WebImage.framework in Frameworks */ = {isa = PBXBuildFile; fileRef = A4165F8F1DE64B6000EE242A /* WebImage.framework */; };
		A4165F911DE64B6000EE242A /* WebImage.framework in Embed Frameworks */ = {isa = PBXBuildFile; fileRef = A4165F8F1DE64B6000EE242A /* WebImage.framework */; settings = {ATTRIBUTES = (CodeSignOnCopy, RemoveHeadersOnCopy, ); }; };
		A464C46D1DE715A400C72EFE /* MainInterface.storyboard in Resources */ = {isa = PBXBuildFile; fileRef = A4165F741DE63C9500EE242A /* MainInterface.storyboard */; };
		A464C4711DE7163300C72EFE /* FriendCell.xib in Resources */ = {isa = PBXBuildFile; fileRef = A464C46E1DE715F600C72EFE /* FriendCell.xib */; };
		A464C4751DE71EDD00C72EFE /* HeaderView.swift in Sources */ = {isa = PBXBuildFile; fileRef = A464C4741DE71EDD00C72EFE /* HeaderView.swift */; };
		A464C4781DE7209100C72EFE /* HeaderView.xib in Resources */ = {isa = PBXBuildFile; fileRef = A464C4721DE71E8100C72EFE /* HeaderView.xib */; };
		A480B1921DE6EA7500ADA206 /* Storage.swift in Sources */ = {isa = PBXBuildFile; fileRef = A480B1911DE6EA7500ADA206 /* Storage.swift */; };
		A480B1951DE6ED9500ADA206 /* FriendCell.swift in Sources */ = {isa = PBXBuildFile; fileRef = A4165F7F1DE63E0300EE242A /* FriendCell.swift */; };
		A480B1971DE6EDF100ADA206 /* Helpers.swift in Sources */ = {isa = PBXBuildFile; fileRef = A480B1961DE6EDF100ADA206 /* Helpers.swift */; };
		A4A770BE1DECD75F00148929 /* TitleView.swift in Sources */ = {isa = PBXBuildFile; fileRef = A4A770BD1DECD75F00148929 /* TitleView.swift */; };
		A4A770C01DECD76D00148929 /* TitleView.xib in Resources */ = {isa = PBXBuildFile; fileRef = A4A770BF1DECD76D00148929 /* TitleView.xib */; };
		A4BA32B31DEB983D00B76FB6 /* BackgroundTask.swift in Sources */ = {isa = PBXBuildFile; fileRef = A4BA32B21DEB983D00B76FB6 /* BackgroundTask.swift */; };
		A4CD5EA81DEB98B100D81C54 /* CoreAudio.framework in Frameworks */ = {isa = PBXBuildFile; fileRef = A4CD5EA71DEB98B100D81C54 /* CoreAudio.framework */; };
		A4CD5EAA1DEB9C5200D81C54 /* AVFoundation.framework in Frameworks */ = {isa = PBXBuildFile; fileRef = A4CD5EA91DEB9C5200D81C54 /* AVFoundation.framework */; };
		A4E606611DFA45A50050756A /* Storage.swift in Sources */ = {isa = PBXBuildFile; fileRef = A480B1911DE6EA7500ADA206 /* Storage.swift */; };
		A4E606621DFA479C0050756A /* VKSdkFramework.framework in Frameworks */ = {isa = PBXBuildFile; fileRef = A4165F8B1DE64B5000EE242A /* VKSdkFramework.framework */; };
/* End PBXBuildFile section */

/* Begin PBXContainerItemProxy section */
		A41054921DF764AC00972A7A /* PBXContainerItemProxy */ = {
			isa = PBXContainerItemProxy;
			containerPortal = A4165F301DE63C4100EE242A /* Project object */;
			proxyType = 1;
			remoteGlobalIDString = A41054881DF764AC00972A7A;
			remoteInfo = "VK Widget";
		};
		A41054B41DF7675A00972A7A /* PBXContainerItemProxy */ = {
			isa = PBXContainerItemProxy;
			containerPortal = A4165F301DE63C4100EE242A /* Project object */;
			proxyType = 1;
			remoteGlobalIDString = A41054A71DF7675A00972A7A;
			remoteInfo = "VK Notification";
		};
/* End PBXContainerItemProxy section */

/* Begin PBXCopyFilesBuildPhase section */
		A4165F7E1DE63C9500EE242A /* Embed App Extensions */ = {
			isa = PBXCopyFilesBuildPhase;
			buildActionMask = 2147483647;
			dstPath = "";
			dstSubfolderSpec = 13;
			files = (
				A41054941DF764AC00972A7A /* VK Widget.appex in Embed App Extensions */,
				A41054B61DF7675A00972A7A /* VK Notification.appex in Embed App Extensions */,
			);
			name = "Embed App Extensions";
			runOnlyForDeploymentPostprocessing = 0;
		};
		A4165F8E1DE64B5000EE242A /* Embed Frameworks */ = {
			isa = PBXCopyFilesBuildPhase;
			buildActionMask = 2147483647;
			dstPath = "";
			dstSubfolderSpec = 10;
			files = (
				A4165F8D1DE64B5000EE242A /* VKSdkFramework.framework in Embed Frameworks */,
				A4165F911DE64B6000EE242A /* WebImage.framework in Embed Frameworks */,
			);
			name = "Embed Frameworks";
			runOnlyForDeploymentPostprocessing = 0;
		};
/* End PBXCopyFilesBuildPhase section */

/* Begin PBXFileReference section */
		A41054891DF764AC00972A7A /* VK Widget.appex */ = {isa = PBXFileReference; explicitFileType = "wrapper.app-extension"; includeInIndex = 0; path = "VK Widget.appex"; sourceTree = BUILT_PRODUCTS_DIR; };
		A41054911DF764AC00972A7A /* Info.plist */ = {isa = PBXFileReference; lastKnownFileType = text.plist.xml; path = Info.plist; sourceTree = "<group>"; };
		A41054A01DF7650200972A7A /* VK Widget.entitlements */ = {isa = PBXFileReference; lastKnownFileType = text.plist.entitlements; path = "VK Widget.entitlements"; sourceTree = "<group>"; };
		A41054A81DF7675A00972A7A /* VK Notification.appex */ = {isa = PBXFileReference; explicitFileType = "wrapper.app-extension"; includeInIndex = 0; path = "VK Notification.appex"; sourceTree = BUILT_PRODUCTS_DIR; };
		A41054A91DF7675A00972A7A /* UserNotifications.framework */ = {isa = PBXFileReference; lastKnownFileType = wrapper.framework; name = UserNotifications.framework; path = System/Library/Frameworks/UserNotifications.framework; sourceTree = SDKROOT; };
		A41054AB1DF7675A00972A7A /* UserNotificationsUI.framework */ = {isa = PBXFileReference; lastKnownFileType = wrapper.framework; name = UserNotificationsUI.framework; path = System/Library/Frameworks/UserNotificationsUI.framework; sourceTree = SDKROOT; };
		A41054AE1DF7675A00972A7A /* NotificationViewController.swift */ = {isa = PBXFileReference; lastKnownFileType = sourcecode.swift; path = NotificationViewController.swift; sourceTree = "<group>"; };
		A41054B11DF7675A00972A7A /* Base */ = {isa = PBXFileReference; lastKnownFileType = file.storyboard; name = Base; path = Base.lproj/MainInterface.storyboard; sourceTree = "<group>"; };
		A41054B31DF7675A00972A7A /* Info.plist */ = {isa = PBXFileReference; lastKnownFileType = text.plist.xml; path = Info.plist; sourceTree = "<group>"; };
		A4165F381DE63C4200EE242A /* VK Online.app */ = {isa = PBXFileReference; explicitFileType = wrapper.application; includeInIndex = 0; path = "VK Online.app"; sourceTree = BUILT_PRODUCTS_DIR; };
		A4165F3B1DE63C4200EE242A /* AppDelegate.swift */ = {isa = PBXFileReference; lastKnownFileType = sourcecode.swift; path = AppDelegate.swift; sourceTree = "<group>"; };
		A4165F3D1DE63C4200EE242A /* FriendsController.swift */ = {isa = PBXFileReference; lastKnownFileType = sourcecode.swift; path = FriendsController.swift; sourceTree = "<group>"; };
		A4165F401DE63C4200EE242A /* Base */ = {isa = PBXFileReference; lastKnownFileType = file.storyboard; name = Base; path = Base.lproj/Main.storyboard; sourceTree = "<group>"; };
		A4165F421DE63C4200EE242A /* Assets.xcassets */ = {isa = PBXFileReference; lastKnownFileType = folder.assetcatalog; path = Assets.xcassets; sourceTree = "<group>"; };
		A4165F451DE63C4200EE242A /* Base */ = {isa = PBXFileReference; lastKnownFileType = file.storyboard; name = Base; path = Base.lproj/LaunchScreen.storyboard; sourceTree = "<group>"; };
		A4165F471DE63C4200EE242A /* Info.plist */ = {isa = PBXFileReference; lastKnownFileType = text.plist.xml; path = Info.plist; sourceTree = "<group>"; };
		A4165F6F1DE63C9500EE242A /* NotificationCenter.framework */ = {isa = PBXFileReference; lastKnownFileType = wrapper.framework; name = NotificationCenter.framework; path = System/Library/Frameworks/NotificationCenter.framework; sourceTree = SDKROOT; };
		A4165F721DE63C9500EE242A /* FriendsViewController.swift */ = {isa = PBXFileReference; lastKnownFileType = sourcecode.swift; path = FriendsViewController.swift; sourceTree = "<group>"; };
		A4165F751DE63C9500EE242A /* Base */ = {isa = PBXFileReference; lastKnownFileType = file.storyboard; name = Base; path = Base.lproj/MainInterface.storyboard; sourceTree = "<group>"; };
		A4165F7F1DE63E0300EE242A /* FriendCell.swift */ = {isa = PBXFileReference; fileEncoding = 4; lastKnownFileType = sourcecode.swift; path = FriendCell.swift; sourceTree = "<group>"; };
		A4165F821DE63FB400EE242A /* FriendsPresenter.swift */ = {isa = PBXFileReference; fileEncoding = 4; lastKnownFileType = sourcecode.swift; path = FriendsPresenter.swift; sourceTree = "<group>"; };
		A4165F8B1DE64B5000EE242A /* VKSdkFramework.framework */ = {isa = PBXFileReference; lastKnownFileType = wrapper.framework; name = VKSdkFramework.framework; path = Carthage/Build/iOS/VKSdkFramework.framework; sourceTree = "<group>"; };
		A4165F8F1DE64B6000EE242A /* WebImage.framework */ = {isa = PBXFileReference; lastKnownFileType = wrapper.framework; name = WebImage.framework; path = Carthage/Build/iOS/WebImage.framework; sourceTree = "<group>"; };
		A4165F921DE64BAA00EE242A /* Header.h */ = {isa = PBXFileReference; lastKnownFileType = sourcecode.c.h; path = Header.h; sourceTree = "<group>"; };
		A464C46E1DE715F600C72EFE /* FriendCell.xib */ = {isa = PBXFileReference; fileEncoding = 4; lastKnownFileType = file.xib; path = FriendCell.xib; sourceTree = "<group>"; };
		A464C4721DE71E8100C72EFE /* HeaderView.xib */ = {isa = PBXFileReference; fileEncoding = 4; lastKnownFileType = file.xib; path = HeaderView.xib; sourceTree = "<group>"; };
		A464C4741DE71EDD00C72EFE /* HeaderView.swift */ = {isa = PBXFileReference; fileEncoding = 4; lastKnownFileType = sourcecode.swift; path = HeaderView.swift; sourceTree = "<group>"; };
		A480B1911DE6EA7500ADA206 /* Storage.swift */ = {isa = PBXFileReference; fileEncoding = 4; lastKnownFileType = sourcecode.swift; path = Storage.swift; sourceTree = "<group>"; };
		A480B1931DE6EA8500ADA206 /* VK Online.entitlements */ = {isa = PBXFileReference; lastKnownFileType = text.plist.entitlements; path = "VK Online.entitlements"; sourceTree = "<group>"; };
		A480B1961DE6EDF100ADA206 /* Helpers.swift */ = {isa = PBXFileReference; fileEncoding = 4; lastKnownFileType = sourcecode.swift; path = Helpers.swift; sourceTree = "<group>"; };
		A4A770BD1DECD75F00148929 /* TitleView.swift */ = {isa = PBXFileReference; fileEncoding = 4; lastKnownFileType = sourcecode.swift; path = TitleView.swift; sourceTree = "<group>"; };
		A4A770BF1DECD76D00148929 /* TitleView.xib */ = {isa = PBXFileReference; fileEncoding = 4; lastKnownFileType = file.xib; path = TitleView.xib; sourceTree = "<group>"; };
		A4BA32B21DEB983D00B76FB6 /* BackgroundTask.swift */ = {isa = PBXFileReference; fileEncoding = 4; lastKnownFileType = sourcecode.swift; path = BackgroundTask.swift; sourceTree = "<group>"; };
		A4CD5EA71DEB98B100D81C54 /* CoreAudio.framework */ = {isa = PBXFileReference; lastKnownFileType = wrapper.framework; name = CoreAudio.framework; path = System/Library/Frameworks/CoreAudio.framework; sourceTree = SDKROOT; };
		A4CD5EA91DEB9C5200D81C54 /* AVFoundation.framework */ = {isa = PBXFileReference; lastKnownFileType = wrapper.framework; name = AVFoundation.framework; path = System/Library/Frameworks/AVFoundation.framework; sourceTree = SDKROOT; };
/* End PBXFileReference section */

/* Begin PBXFrameworksBuildPhase section */
		A41054861DF764AC00972A7A /* Frameworks */ = {
			isa = PBXFrameworksBuildPhase;
			buildActionMask = 2147483647;
			files = (
				A410548A1DF764AC00972A7A /* NotificationCenter.framework in Frameworks */,
				A41054A11DF7658100972A7A /* VKSdkFramework.framework in Frameworks */,
			);
			runOnlyForDeploymentPostprocessing = 0;
		};
		A41054A51DF7675A00972A7A /* Frameworks */ = {
			isa = PBXFrameworksBuildPhase;
			buildActionMask = 2147483647;
			files = (
				A41054AC1DF7675A00972A7A /* UserNotificationsUI.framework in Frameworks */,
				A4E606621DFA479C0050756A /* VKSdkFramework.framework in Frameworks */,
				A41054AA1DF7675A00972A7A /* UserNotifications.framework in Frameworks */,
			);
			runOnlyForDeploymentPostprocessing = 0;
		};
		A4165F351DE63C4200EE242A /* Frameworks */ = {
			isa = PBXFrameworksBuildPhase;
			buildActionMask = 2147483647;
			files = (
				A4CD5EAA1DEB9C5200D81C54 /* AVFoundation.framework in Frameworks */,
				A4CD5EA81DEB98B100D81C54 /* CoreAudio.framework in Frameworks */,
				A4165F8C1DE64B5000EE242A /* VKSdkFramework.framework in Frameworks */,
				A4165F901DE64B6000EE242A /* WebImage.framework in Frameworks */,
			);
			runOnlyForDeploymentPostprocessing = 0;
		};
/* End PBXFrameworksBuildPhase section */

/* Begin PBXGroup section */
		A410548B1DF764AC00972A7A /* VK Widget */ = {
			isa = PBXGroup;
			children = (
				A41054A01DF7650200972A7A /* VK Widget.entitlements */,
				A4165F811DE63F8300EE242A /* Friends  */,
				A4165F741DE63C9500EE242A /* MainInterface.storyboard */,
				A41054911DF764AC00972A7A /* Info.plist */,
			);
			path = "VK Widget";
			sourceTree = "<group>";
		};
		A41054AD1DF7675A00972A7A /* VK Notification */ = {
			isa = PBXGroup;
			children = (
				A41054AE1DF7675A00972A7A /* NotificationViewController.swift */,
				A41054B01DF7675A00972A7A /* MainInterface.storyboard */,
				A41054B31DF7675A00972A7A /* Info.plist */,
			);
			path = "VK Notification";
			sourceTree = "<group>";
		};
		A4165F2F1DE63C4100EE242A = {
			isa = PBXGroup;
			children = (
				A4165F921DE64BAA00EE242A /* Header.h */,
				A4165F8F1DE64B6000EE242A /* WebImage.framework */,
				A4165F8B1DE64B5000EE242A /* VKSdkFramework.framework */,
				A4165F3A1DE63C4200EE242A /* VK Online */,
				A410548B1DF764AC00972A7A /* VK Widget */,
				A41054AD1DF7675A00972A7A /* VK Notification */,
				A4165F6E1DE63C9500EE242A /* Frameworks */,
				A4165F391DE63C4200EE242A /* Products */,
			);
			sourceTree = "<group>";
		};
		A4165F391DE63C4200EE242A /* Products */ = {
			isa = PBXGroup;
			children = (
				A4165F381DE63C4200EE242A /* VK Online.app */,
				A41054891DF764AC00972A7A /* VK Widget.appex */,
				A41054A81DF7675A00972A7A /* VK Notification.appex */,
			);
			name = Products;
			sourceTree = "<group>";
		};
		A4165F3A1DE63C4200EE242A /* VK Online */ = {
			isa = PBXGroup;
			children = (
				A480B1931DE6EA8500ADA206 /* VK Online.entitlements */,
				A4165F3B1DE63C4200EE242A /* AppDelegate.swift */,
				A4165F3D1DE63C4200EE242A /* FriendsController.swift */,
				A4165F3F1DE63C4200EE242A /* Main.storyboard */,
				A4165F421DE63C4200EE242A /* Assets.xcassets */,
				A4165F441DE63C4200EE242A /* LaunchScreen.storyboard */,
				A4165F471DE63C4200EE242A /* Info.plist */,
				A480B1911DE6EA7500ADA206 /* Storage.swift */,
				A480B1961DE6EDF100ADA206 /* Helpers.swift */,
				A4BA32B21DEB983D00B76FB6 /* BackgroundTask.swift */,
				A4A770C11DECD77200148929 /* TitleView */,
			);
			path = "VK Online";
			sourceTree = "<group>";
		};
		A4165F6E1DE63C9500EE242A /* Frameworks */ = {
			isa = PBXGroup;
			children = (
				A4CD5EA91DEB9C5200D81C54 /* AVFoundation.framework */,
				A4CD5EA71DEB98B100D81C54 /* CoreAudio.framework */,
				A4165F6F1DE63C9500EE242A /* NotificationCenter.framework */,
				A41054A91DF7675A00972A7A /* UserNotifications.framework */,
				A41054AB1DF7675A00972A7A /* UserNotificationsUI.framework */,
			);
			name = Frameworks;
			sourceTree = "<group>";
		};
		A4165F811DE63F8300EE242A /* Friends  */ = {
			isa = PBXGroup;
			children = (
				A464C4771DE71EE200C72EFE /* HeaderView */,
				A464C4701DE7161A00C72EFE /* Friend Cell */,
				A4165F721DE63C9500EE242A /* FriendsViewController.swift */,
				A4165F821DE63FB400EE242A /* FriendsPresenter.swift */,
			);
			name = "Friends ";
			path = ../Widget;
			sourceTree = "<group>";
		};
		A464C4701DE7161A00C72EFE /* Friend Cell */ = {
			isa = PBXGroup;
			children = (
				A4165F7F1DE63E0300EE242A /* FriendCell.swift */,
				A464C46E1DE715F600C72EFE /* FriendCell.xib */,
			);
			name = "Friend Cell";
			sourceTree = "<group>";
		};
		A464C4771DE71EE200C72EFE /* HeaderView */ = {
			isa = PBXGroup;
			children = (
				A464C4741DE71EDD00C72EFE /* HeaderView.swift */,
				A464C4721DE71E8100C72EFE /* HeaderView.xib */,
			);
			name = HeaderView;
			sourceTree = "<group>";
		};
		A4A770C11DECD77200148929 /* TitleView */ = {
			isa = PBXGroup;
			children = (
				A4A770BD1DECD75F00148929 /* TitleView.swift */,
				A4A770BF1DECD76D00148929 /* TitleView.xib */,
			);
			name = TitleView;
			sourceTree = "<group>";
		};
/* End PBXGroup section */

/* Begin PBXNativeTarget section */
		A41054881DF764AC00972A7A /* VK Widget */ = {
			isa = PBXNativeTarget;
			buildConfigurationList = A41054971DF764AC00972A7A /* Build configuration list for PBXNativeTarget "VK Widget" */;
			buildPhases = (
				A41054851DF764AC00972A7A /* Sources */,
				A41054861DF764AC00972A7A /* Frameworks */,
				A41054871DF764AC00972A7A /* Resources */,
			);
			buildRules = (
			);
			dependencies = (
			);
			name = "VK Widget";
			productName = "VK Widget";
			productReference = A41054891DF764AC00972A7A /* VK Widget.appex */;
			productType = "com.apple.product-type.app-extension";
		};
		A41054A71DF7675A00972A7A /* VK Notification */ = {
			isa = PBXNativeTarget;
			buildConfigurationList = A41054B71DF7675A00972A7A /* Build configuration list for PBXNativeTarget "VK Notification" */;
			buildPhases = (
				A41054A41DF7675A00972A7A /* Sources */,
				A41054A51DF7675A00972A7A /* Frameworks */,
				A41054A61DF7675A00972A7A /* Resources */,
			);
			buildRules = (
			);
			dependencies = (
			);
			name = "VK Notification";
			productName = "VK Notification";
			productReference = A41054A81DF7675A00972A7A /* VK Notification.appex */;
			productType = "com.apple.product-type.app-extension";
		};
		A4165F371DE63C4200EE242A /* VK Online */ = {
			isa = PBXNativeTarget;
			buildConfigurationList = A4165F601DE63C4200EE242A /* Build configuration list for PBXNativeTarget "VK Online" */;
			buildPhases = (
				A4165F341DE63C4200EE242A /* Sources */,
				A4165F351DE63C4200EE242A /* Frameworks */,
				A4165F361DE63C4200EE242A /* Resources */,
				A4165F7E1DE63C9500EE242A /* Embed App Extensions */,
				A4165F8E1DE64B5000EE242A /* Embed Frameworks */,
			);
			buildRules = (
			);
			dependencies = (
				A41054931DF764AC00972A7A /* PBXTargetDependency */,
				A41054B51DF7675A00972A7A /* PBXTargetDependency */,
			);
			name = "VK Online";
			productName = "VK Online";
			productReference = A4165F381DE63C4200EE242A /* VK Online.app */;
			productType = "com.apple.product-type.application";
		};
/* End PBXNativeTarget section */

/* Begin PBXProject section */
		A4165F301DE63C4100EE242A /* Project object */ = {
			isa = PBXProject;
			attributes = {
				LastSwiftUpdateCheck = 0800;
				LastUpgradeCheck = 0800;
				ORGANIZATIONNAME = "Aynur Galiev";
				TargetAttributes = {
					A41054881DF764AC00972A7A = {
						CreatedOnToolsVersion = 8.0;
						DevelopmentTeam = 3EZN9G7JS8;
						ProvisioningStyle = Automatic;
						SystemCapabilities = {
							com.apple.ApplicationGroups.iOS = {
								enabled = 1;
							};
						};
					};
					A41054A71DF7675A00972A7A = {
						CreatedOnToolsVersion = 8.0;
						DevelopmentTeam = 3EZN9G7JS8;
						ProvisioningStyle = Automatic;
						SystemCapabilities = {
							com.apple.ApplicationGroups.iOS = {
								enabled = 0;
							};
						};
					};
					A4165F371DE63C4200EE242A = {
						CreatedOnToolsVersion = 8.0;
						DevelopmentTeam = 3EZN9G7JS8;
						ProvisioningStyle = Automatic;
						SystemCapabilities = {
							com.apple.ApplicationGroups.iOS = {
								enabled = 1;
							};
							com.apple.BackgroundModes = {
								enabled = 1;
							};
						};
					};
				};
			};
			buildConfigurationList = A4165F331DE63C4100EE242A /* Build configuration list for PBXProject "VK Online" */;
			compatibilityVersion = "Xcode 3.2";
			developmentRegion = English;
			hasScannedForEncodings = 0;
			knownRegions = (
				en,
				Base,
			);
			mainGroup = A4165F2F1DE63C4100EE242A;
			productRefGroup = A4165F391DE63C4200EE242A /* Products */;
			projectDirPath = "";
			projectRoot = "";
			targets = (
				A4165F371DE63C4200EE242A /* VK Online */,
				A41054881DF764AC00972A7A /* VK Widget */,
				A41054A71DF7675A00972A7A /* VK Notification */,
			);
		};
/* End PBXProject section */

/* Begin PBXResourcesBuildPhase section */
		A41054871DF764AC00972A7A /* Resources */ = {
			isa = PBXResourcesBuildPhase;
			buildActionMask = 2147483647;
			files = (
				A410549E1DF764CE00972A7A /* MainInterface.storyboard in Resources */,
				A410549B1DF764C700972A7A /* FriendCell.xib in Resources */,
				A41054991DF764C100972A7A /* HeaderView.xib in Resources */,
			);
			runOnlyForDeploymentPostprocessing = 0;
		};
		A41054A61DF7675A00972A7A /* Resources */ = {
			isa = PBXResourcesBuildPhase;
			buildActionMask = 2147483647;
			files = (
				A41054B21DF7675A00972A7A /* MainInterface.storyboard in Resources */,
			);
			runOnlyForDeploymentPostprocessing = 0;
		};
		A4165F361DE63C4200EE242A /* Resources */ = {
			isa = PBXResourcesBuildPhase;
			buildActionMask = 2147483647;
			files = (
				A464C4711DE7163300C72EFE /* FriendCell.xib in Resources */,
				A4A770C01DECD76D00148929 /* TitleView.xib in Resources */,
				A4165F461DE63C4200EE242A /* LaunchScreen.storyboard in Resources */,
				A464C46D1DE715A400C72EFE /* MainInterface.storyboard in Resources */,
				A464C4781DE7209100C72EFE /* HeaderView.xib in Resources */,
				A4165F431DE63C4200EE242A /* Assets.xcassets in Resources */,
				A4165F411DE63C4200EE242A /* Main.storyboard in Resources */,
			);
			runOnlyForDeploymentPostprocessing = 0;
		};
/* End PBXResourcesBuildPhase section */

/* Begin PBXSourcesBuildPhase section */
		A41054851DF764AC00972A7A /* Sources */ = {
			isa = PBXSourcesBuildPhase;
			buildActionMask = 2147483647;
			files = (
				A410549C1DF764C900972A7A /* FriendsViewController.swift in Sources */,
				A410549D1DF764CB00972A7A /* FriendsPresenter.swift in Sources */,
				A410549A1DF764C400972A7A /* FriendCell.swift in Sources */,
				A41054A21DF7659400972A7A /* Helpers.swift in Sources */,
				A41054981DF764BE00972A7A /* HeaderView.swift in Sources */,
				A41054A31DF765A600972A7A /* Storage.swift in Sources */,
			);
			runOnlyForDeploymentPostprocessing = 0;
		};
		A41054A41DF7675A00972A7A /* Sources */ = {
			isa = PBXSourcesBuildPhase;
			buildActionMask = 2147483647;
			files = (
				A41054AF1DF7675A00972A7A /* NotificationViewController.swift in Sources */,
				A4E606611DFA45A50050756A /* Storage.swift in Sources */,
			);
			runOnlyForDeploymentPostprocessing = 0;
		};
		A4165F341DE63C4200EE242A /* Sources */ = {
			isa = PBXSourcesBuildPhase;
			buildActionMask = 2147483647;
			files = (
				A4165F3E1DE63C4200EE242A /* FriendsController.swift in Sources */,
				A464C4751DE71EDD00C72EFE /* HeaderView.swift in Sources */,
				A4BA32B31DEB983D00B76FB6 /* BackgroundTask.swift in Sources */,
				A4165F3C1DE63C4200EE242A /* AppDelegate.swift in Sources */,
				A480B1921DE6EA7500ADA206 /* Storage.swift in Sources */,
				A4A770BE1DECD75F00148929 /* TitleView.swift in Sources */,
				A480B1971DE6EDF100ADA206 /* Helpers.swift in Sources */,
				A480B1951DE6ED9500ADA206 /* FriendCell.swift in Sources */,
			);
			runOnlyForDeploymentPostprocessing = 0;
		};
/* End PBXSourcesBuildPhase section */

/* Begin PBXTargetDependency section */
		A41054931DF764AC00972A7A /* PBXTargetDependency */ = {
			isa = PBXTargetDependency;
			target = A41054881DF764AC00972A7A /* VK Widget */;
			targetProxy = A41054921DF764AC00972A7A /* PBXContainerItemProxy */;
		};
		A41054B51DF7675A00972A7A /* PBXTargetDependency */ = {
			isa = PBXTargetDependency;
			target = A41054A71DF7675A00972A7A /* VK Notification */;
			targetProxy = A41054B41DF7675A00972A7A /* PBXContainerItemProxy */;
		};
/* End PBXTargetDependency section */

/* Begin PBXVariantGroup section */
		A41054B01DF7675A00972A7A /* MainInterface.storyboard */ = {
			isa = PBXVariantGroup;
			children = (
				A41054B11DF7675A00972A7A /* Base */,
			);
			name = MainInterface.storyboard;
			sourceTree = "<group>";
		};
		A4165F3F1DE63C4200EE242A /* Main.storyboard */ = {
			isa = PBXVariantGroup;
			children = (
				A4165F401DE63C4200EE242A /* Base */,
			);
			name = Main.storyboard;
			sourceTree = "<group>";
		};
		A4165F441DE63C4200EE242A /* LaunchScreen.storyboard */ = {
			isa = PBXVariantGroup;
			children = (
				A4165F451DE63C4200EE242A /* Base */,
			);
			name = LaunchScreen.storyboard;
			sourceTree = "<group>";
		};
		A4165F741DE63C9500EE242A /* MainInterface.storyboard */ = {
			isa = PBXVariantGroup;
			children = (
				A4165F751DE63C9500EE242A /* Base */,
			);
			name = MainInterface.storyboard;
			path = ../Widget;
			sourceTree = "<group>";
		};
/* End PBXVariantGroup section */

/* Begin XCBuildConfiguration section */
		A41054951DF764AC00972A7A /* Debug */ = {
			isa = XCBuildConfiguration;
			buildSettings = {
				CODE_SIGN_ENTITLEMENTS = "VK Widget/VK Widget.entitlements";
				DEVELOPMENT_TEAM = 3EZN9G7JS8;
				FRAMEWORK_SEARCH_PATHS = (
					"$(inherited)",
					"$(PROJECT_DIR)/Carthage/Build/iOS",
				);
				INFOPLIST_FILE = "VK Widget/Info.plist";
				IPHONEOS_DEPLOYMENT_TARGET = 10.0;
				LD_RUNPATH_SEARCH_PATHS = "$(inherited) @executable_path/Frameworks @executable_path/../../Frameworks";
				PRODUCT_BUNDLE_IDENTIFIER = "com.flatstack.VK-Online.VK-Widget";
				PRODUCT_NAME = "$(TARGET_NAME)";
				SKIP_INSTALL = YES;
				SWIFT_VERSION = 3.0;
			};
			name = Debug;
		};
		A41054961DF764AC00972A7A /* Release */ = {
			isa = XCBuildConfiguration;
			buildSettings = {
				CODE_SIGN_ENTITLEMENTS = "VK Widget/VK Widget.entitlements";
				DEVELOPMENT_TEAM = 3EZN9G7JS8;
				FRAMEWORK_SEARCH_PATHS = (
					"$(inherited)",
					"$(PROJECT_DIR)/Carthage/Build/iOS",
				);
				INFOPLIST_FILE = "VK Widget/Info.plist";
				IPHONEOS_DEPLOYMENT_TARGET = 10.0;
				LD_RUNPATH_SEARCH_PATHS = "$(inherited) @executable_path/Frameworks @executable_path/../../Frameworks";
				PRODUCT_BUNDLE_IDENTIFIER = "com.flatstack.VK-Online.VK-Widget";
				PRODUCT_NAME = "$(TARGET_NAME)";
				SKIP_INSTALL = YES;
				SWIFT_VERSION = 3.0;
			};
			name = Release;
		};
		A41054B81DF7675A00972A7A /* Debug */ = {
			isa = XCBuildConfiguration;
			buildSettings = {
				DEVELOPMENT_TEAM = 3EZN9G7JS8;
				FRAMEWORK_SEARCH_PATHS = (
					"$(inherited)",
					"$(PROJECT_DIR)/Carthage/Build/iOS",
				);
				INFOPLIST_FILE = "VK Notification/Info.plist";
				IPHONEOS_DEPLOYMENT_TARGET = 10.0;
				LD_RUNPATH_SEARCH_PATHS = "$(inherited) @executable_path/Frameworks @executable_path/../../Frameworks";
				PRODUCT_BUNDLE_IDENTIFIER = "com.flatstack.VK-Online.VK-Notification";
				PRODUCT_NAME = "$(TARGET_NAME)";
				SKIP_INSTALL = YES;
				SWIFT_VERSION = 3.0;
			};
			name = Debug;
		};
		A41054B91DF7675A00972A7A /* Release */ = {
			isa = XCBuildConfiguration;
			buildSettings = {
				DEVELOPMENT_TEAM = 3EZN9G7JS8;
				FRAMEWORK_SEARCH_PATHS = (
					"$(inherited)",
					"$(PROJECT_DIR)/Carthage/Build/iOS",
				);
				INFOPLIST_FILE = "VK Notification/Info.plist";
				IPHONEOS_DEPLOYMENT_TARGET = 10.0;
				LD_RUNPATH_SEARCH_PATHS = "$(inherited) @executable_path/Frameworks @executable_path/../../Frameworks";
				PRODUCT_BUNDLE_IDENTIFIER = "com.flatstack.VK-Online.VK-Notification";
				PRODUCT_NAME = "$(TARGET_NAME)";
				SKIP_INSTALL = YES;
				SWIFT_VERSION = 3.0;
			};
			name = Release;
		};
		A4165F5E1DE63C4200EE242A /* Debug */ = {
			isa = XCBuildConfiguration;
			buildSettings = {
				ALWAYS_SEARCH_USER_PATHS = NO;
				CLANG_ANALYZER_NONNULL = YES;
				CLANG_CXX_LANGUAGE_STANDARD = "gnu++0x";
				CLANG_CXX_LIBRARY = "libc++";
				CLANG_ENABLE_MODULES = YES;
				CLANG_ENABLE_OBJC_ARC = YES;
				CLANG_WARN_BOOL_CONVERSION = YES;
				CLANG_WARN_CONSTANT_CONVERSION = YES;
				CLANG_WARN_DIRECT_OBJC_ISA_USAGE = YES_ERROR;
				CLANG_WARN_DOCUMENTATION_COMMENTS = YES;
				CLANG_WARN_EMPTY_BODY = YES;
				CLANG_WARN_ENUM_CONVERSION = YES;
				CLANG_WARN_INFINITE_RECURSION = YES;
				CLANG_WARN_INT_CONVERSION = YES;
				CLANG_WARN_OBJC_ROOT_CLASS = YES_ERROR;
				CLANG_WARN_SUSPICIOUS_MOVES = YES;
				CLANG_WARN_UNREACHABLE_CODE = YES;
				CLANG_WARN__DUPLICATE_METHOD_MATCH = YES;
				"CODE_SIGN_IDENTITY[sdk=iphoneos*]" = "iPhone Developer";
				COPY_PHASE_STRIP = NO;
				DEBUG_INFORMATION_FORMAT = dwarf;
				ENABLE_STRICT_OBJC_MSGSEND = YES;
				ENABLE_TESTABILITY = YES;
				GCC_C_LANGUAGE_STANDARD = gnu99;
				GCC_DYNAMIC_NO_PIC = NO;
				GCC_NO_COMMON_BLOCKS = YES;
				GCC_OPTIMIZATION_LEVEL = 0;
				GCC_PREPROCESSOR_DEFINITIONS = (
					"DEBUG=1",
					"$(inherited)",
				);
				GCC_WARN_64_TO_32_BIT_CONVERSION = YES;
				GCC_WARN_ABOUT_RETURN_TYPE = YES_ERROR;
				GCC_WARN_UNDECLARED_SELECTOR = YES;
				GCC_WARN_UNINITIALIZED_AUTOS = YES_AGGRESSIVE;
				GCC_WARN_UNUSED_FUNCTION = YES;
				GCC_WARN_UNUSED_VARIABLE = YES;
				IPHONEOS_DEPLOYMENT_TARGET = 10.0;
				MTL_ENABLE_DEBUG_INFO = YES;
				ONLY_ACTIVE_ARCH = YES;
				SDKROOT = iphoneos;
				SWIFT_ACTIVE_COMPILATION_CONDITIONS = DEBUG;
				SWIFT_OPTIMIZATION_LEVEL = "-Onone";
				TARGETED_DEVICE_FAMILY = "1,2";
			};
			name = Debug;
		};
		A4165F5F1DE63C4200EE242A /* Release */ = {
			isa = XCBuildConfiguration;
			buildSettings = {
				ALWAYS_SEARCH_USER_PATHS = NO;
				CLANG_ANALYZER_NONNULL = YES;
				CLANG_CXX_LANGUAGE_STANDARD = "gnu++0x";
				CLANG_CXX_LIBRARY = "libc++";
				CLANG_ENABLE_MODULES = YES;
				CLANG_ENABLE_OBJC_ARC = YES;
				CLANG_WARN_BOOL_CONVERSION = YES;
				CLANG_WARN_CONSTANT_CONVERSION = YES;
				CLANG_WARN_DIRECT_OBJC_ISA_USAGE = YES_ERROR;
				CLANG_WARN_DOCUMENTATION_COMMENTS = YES;
				CLANG_WARN_EMPTY_BODY = YES;
				CLANG_WARN_ENUM_CONVERSION = YES;
				CLANG_WARN_INFINITE_RECURSION = YES;
				CLANG_WARN_INT_CONVERSION = YES;
				CLANG_WARN_OBJC_ROOT_CLASS = YES_ERROR;
				CLANG_WARN_SUSPICIOUS_MOVES = YES;
				CLANG_WARN_UNREACHABLE_CODE = YES;
				CLANG_WARN__DUPLICATE_METHOD_MATCH = YES;
				"CODE_SIGN_IDENTITY[sdk=iphoneos*]" = "iPhone Developer";
				COPY_PHASE_STRIP = NO;
				DEBUG_INFORMATION_FORMAT = "dwarf-with-dsym";
				ENABLE_NS_ASSERTIONS = NO;
				ENABLE_STRICT_OBJC_MSGSEND = YES;
				GCC_C_LANGUAGE_STANDARD = gnu99;
				GCC_NO_COMMON_BLOCKS = YES;
				GCC_WARN_64_TO_32_BIT_CONVERSION = YES;
				GCC_WARN_ABOUT_RETURN_TYPE = YES_ERROR;
				GCC_WARN_UNDECLARED_SELECTOR = YES;
				GCC_WARN_UNINITIALIZED_AUTOS = YES_AGGRESSIVE;
				GCC_WARN_UNUSED_FUNCTION = YES;
				GCC_WARN_UNUSED_VARIABLE = YES;
				IPHONEOS_DEPLOYMENT_TARGET = 10.0;
				MTL_ENABLE_DEBUG_INFO = NO;
				SDKROOT = iphoneos;
				SWIFT_OPTIMIZATION_LEVEL = "-Owholemodule";
				TARGETED_DEVICE_FAMILY = "1,2";
				VALIDATE_PRODUCT = YES;
			};
			name = Release;
		};
		A4165F611DE63C4200EE242A /* Debug */ = {
			isa = XCBuildConfiguration;
			buildSettings = {
				ALWAYS_EMBED_SWIFT_STANDARD_LIBRARIES = YES;
				ASSETCATALOG_COMPILER_APPICON_NAME = AppIcon;
				CODE_SIGN_ENTITLEMENTS = "VK Online/VK Online.entitlements";
				"CODE_SIGN_IDENTITY[sdk=iphoneos*]" = "iPhone Developer";
				DEVELOPMENT_TEAM = 3EZN9G7JS8;
				FRAMEWORK_SEARCH_PATHS = (
					"$(inherited)",
					"$(PROJECT_DIR)/Carthage/Build/iOS",
				);
				INFOPLIST_FILE = "VK Online/Info.plist";
				IPHONEOS_DEPLOYMENT_TARGET = 9.0;
				LD_RUNPATH_SEARCH_PATHS = "$(inherited) @executable_path/Frameworks";
				PRODUCT_BUNDLE_IDENTIFIER = "com.flatstack.VK-Online";
				PRODUCT_NAME = "$(TARGET_NAME)";
				SWIFT_VERSION = 3.0;
			};
			name = Debug;
		};
		A4165F621DE63C4200EE242A /* Release */ = {
			isa = XCBuildConfiguration;
			buildSettings = {
				ALWAYS_EMBED_SWIFT_STANDARD_LIBRARIES = YES;
				ASSETCATALOG_COMPILER_APPICON_NAME = AppIcon;
				CODE_SIGN_ENTITLEMENTS = "VK Online/VK Online.entitlements";
				"CODE_SIGN_IDENTITY[sdk=iphoneos*]" = "iPhone Developer";
				DEVELOPMENT_TEAM = 3EZN9G7JS8;
				FRAMEWORK_SEARCH_PATHS = (
					"$(inherited)",
					"$(PROJECT_DIR)/Carthage/Build/iOS",
				);
				INFOPLIST_FILE = "VK Online/Info.plist";
				IPHONEOS_DEPLOYMENT_TARGET = 9.0;
				LD_RUNPATH_SEARCH_PATHS = "$(inherited) @executable_path/Frameworks";
				PRODUCT_BUNDLE_IDENTIFIER = "com.flatstack.VK-Online";
				PRODUCT_NAME = "$(TARGET_NAME)";
				SWIFT_VERSION = 3.0;
			};
			name = Release;
		};
/* End XCBuildConfiguration section */

/* Begin XCConfigurationList section */
		A41054971DF764AC00972A7A /* Build configuration list for PBXNativeTarget "VK Widget" */ = {
			isa = XCConfigurationList;
			buildConfigurations = (
				A41054951DF764AC00972A7A /* Debug */,
				A41054961DF764AC00972A7A /* Release */,
			);
			defaultConfigurationIsVisible = 0;
			defaultConfigurationName = Release;
		};
		A41054B71DF7675A00972A7A /* Build configuration list for PBXNativeTarget "VK Notification" */ = {
			isa = XCConfigurationList;
			buildConfigurations = (
				A41054B81DF7675A00972A7A /* Debug */,
				A41054B91DF7675A00972A7A /* Release */,
			);
			defaultConfigurationIsVisible = 0;
			defaultConfigurationName = Release;
		};
		A4165F331DE63C4100EE242A /* Build configuration list for PBXProject "VK Online" */ = {
			isa = XCConfigurationList;
			buildConfigurations = (
				A4165F5E1DE63C4200EE242A /* Debug */,
				A4165F5F1DE63C4200EE242A /* Release */,
			);
			defaultConfigurationIsVisible = 0;
			defaultConfigurationName = Release;
		};
		A4165F601DE63C4200EE242A /* Build configuration list for PBXNativeTarget "VK Online" */ = {
			isa = XCConfigurationList;
			buildConfigurations = (
				A4165F611DE63C4200EE242A /* Debug */,
				A4165F621DE63C4200EE242A /* Release */,
			);
			defaultConfigurationIsVisible = 0;
			defaultConfigurationName = Release;
		};
/* End XCConfigurationList section */
	};
	rootObject = A4165F301DE63C4100EE242A /* Project object */;
}
